
Microsoft Visual Studio Solution File, Format Version 11.00
# Visual Studio 2010
Project("{FAE04EC0-301F-11D3-BF4B-00C04F79EFBC}") = "Assembly-CSharp", "Assembly-CSharp.csproj", "{3a3866eb-8520-730a-006c-2282dae61863}"
EndProject
Project("{FAE04EC0-301F-11D3-BF4B-00C04F79EFBC}") = "Assembly-CSharp-firstpass", "Assembly-CSharp-firstpass.csproj", "{6050d7f3-bfbe-7beb-16a1-b3f87d20a45b}"
EndProject
Project("{FAE04EC0-301F-11D3-BF4B-00C04F79EFBC}") = "Assembly-CSharp-Editor-firstpass", "Assembly-CSharp-Editor-firstpass.csproj", "{b89df99c-ec71-b85f-1d05-70c3c0106366}"
EndProject
Global
	GlobalSection(SolutionConfigurationPlatforms) = preSolution
		Debug|Any CPU = Debug|Any CPU
	EndGlobalSection
	GlobalSection(ProjectConfigurationPlatforms) = postSolution
		{3a3866eb-8520-730a-006c-2282dae61863}.Debug|Any CPU.ActiveCfg = Debug|Any CPU
		{3a3866eb-8520-730a-006c-2282dae61863}.Debug|Any CPU.Build.0 = Debug|Any CPU
		{6050d7f3-bfbe-7beb-16a1-b3f87d20a45b}.Debug|Any CPU.ActiveCfg = Debug|Any CPU
		{6050d7f3-bfbe-7beb-16a1-b3f87d20a45b}.Debug|Any CPU.Build.0 = Debug|Any CPU
		{b89df99c-ec71-b85f-1d05-70c3c0106366}.Debug|Any CPU.ActiveCfg = Debug|Any CPU
		{b89df99c-ec71-b85f-1d05-70c3c0106366}.Debug|Any CPU.Build.0 = Debug|Any CPU
	EndGlobalSection
	GlobalSection(SolutionProperties) = preSolution
		HideSolutionNode = FALSE
	EndGlobalSection
EndGlobal
